{
  "name": "IProgram",
  "lockfileVersion": 3,
  "requires": true,
  "packages": {
    "": {
      "dependencies": {
        "@fontsource/cairo": "^5.2.7",
        "@fontsource/roboto": "^5.2.9",
        "material-icons": "^1.13.14"
      }
    },
    "node_modules/@fontsource/cairo": {
      "version": "5.2.7",
      "resolved": "https://registry.npmjs.org/@fontsource/cairo/-/cairo-5.2.7.tgz",
      "integrity": "sha512-t9UGffaDSoAHYmGS5bR5rM79B93wrhj38Co9mnT43B/PjuaXc6ErrMo+upL2I0Yvik7I47uTC79aRmBWPh0Y6Q==",
      "license": "OFL-1.1",
      "funding": {
        "url": "https://github.com/sponsors/ayuhito"
      }
    },
    "node_modules/@fontsource/roboto": {
      "version": "5.2.9",
      "resolved": "https://registry.npmjs.org/@fontsource/roboto/-/roboto-5.2.9.tgz",
      "integrity": "sha512-ZTkyHiPk74B/aj8BZWbsxD5Yu+Lq+nR64eV4wirlrac2qXR7jYk2h6JlLYuOuoruTkGQWNw2fMuKNavw7/rg0w==",
      "license": "OFL-1.1",
      "funding": {
        "url": "https://github.com/sponsors/ayuhito"
      }
    },
    "node_modules/material-icons": {
      "version": "1.13.14",
      "resolved": "https://registry.npmjs.org/material-icons/-/material-icons-1.13.14.tgz",
      "integrity": "sha512-kZOfc7xCC0rAT8Q3DQixYAeT+tBqZnxkseQtp2bxBxz7q5pMAC+wmit7vJn1g/l7wRU+HEPq23gER4iPjGs5Cg==",
      "license": "Apache-2.0"
    }
  }
}
